
Microsoft Visual Studio Solution File, Format Version 12.00
# Visual Studio Version 16
VisualStudioVersion = 16.0.32630.194
MinimumVisualStudioVersion = 10.0.40219.1
Project("{9A19103F-16F7-4668-BE54-9A1E7A4F7556}") = "HashTable", "HashTable.csproj", "{F6646919-0A2E-4A74-9D55-BBD510F01EE5}"
EndProject
Global
	GlobalSection(SolutionConfigurationPlatforms) = preSolution
		Debug|Any CPU = Debug|Any CPU
		Release|Any CPU = Release|Any CPU
	EndGlobalSection
	GlobalSection(ProjectConfigurationPlatforms) = postSolution
		{F6646919-0A2E-4A74-9D55-BBD510F01EE5}.Debug|Any CPU.ActiveCfg = Debug|Any CPU
		{F6646919-0A2E-4A74-9D55-BBD510F01EE5}.Debug|Any CPU.Build.0 = Debug|Any CPU
		{F6646919-0A2E-4A74-9D55-BBD510F01EE5}.Release|Any CPU.ActiveCfg = Release|Any CPU
		{F6646919-0A2E-4A74-9D55-BBD510F01EE5}.Release|Any CPU.Build.0 = Release|Any CPU
	EndGlobalSection
	GlobalSection(SolutionProperties) = preSolution
		HideSolutionNode = FALSE
	EndGlobalSection
	GlobalSection(ExtensibilityGlobals) = postSolution
		SolutionGuid = {7730CD69-5C82-4B8A-B806-25985F2E6431}
	EndGlobalSection
EndGlobal
